
Microsoft Visual Studio Solution File, Format Version 12.00
# Visual Studio Version 17
VisualStudioVersion = 17.10.34916.146
MinimumVisualStudioVersion = 10.0.40219.1
Project("{FAE04EC0-301F-11D3-BF4B-00C04F79EFBC}") = "ReadRoom", "ReadRoom\ReadRoom.csproj", "{C66E8886-F159-448C-B611-6F76C4EBFD4C}"
EndProject
Global
	GlobalSection(SolutionConfigurationPlatforms) = preSolution
		Debug|Any CPU = Debug|Any CPU
		Release|Any CPU = Release|Any CPU
	EndGlobalSection
	GlobalSection(ProjectConfigurationPlatforms) = postSolution
		{C66E8886-F159-448C-B611-6F76C4EBFD4C}.Debug|Any CPU.ActiveCfg = Debug|Any CPU
		{C66E8886-F159-448C-B611-6F76C4EBFD4C}.Debug|Any CPU.Build.0 = Debug|Any CPU
		{C66E8886-F159-448C-B611-6F76C4EBFD4C}.Release|Any CPU.ActiveCfg = Release|Any CPU
		{C66E8886-F159-448C-B611-6F76C4EBFD4C}.Release|Any CPU.Build.0 = Release|Any CPU
	EndGlobalSection
	GlobalSection(SolutionProperties) = preSolution
		HideSolutionNode = FALSE
	EndGlobalSection
	GlobalSection(ExtensibilityGlobals) = postSolution
		SolutionGuid = {8BFDC2D7-2F7C-43CC-8B42-17F392872063}
	EndGlobalSection
EndGlobal
